// !$*UTF8*$!
{
	archiveVersion = 1;
	classes = {
	};
	objectVersion = 56;
	objects = {

/* Begin PBXBuildFile section */
		611950AC2992265200F9F25E /* AppDelegate.swift in Sources */ = {isa = PBXBuildFile; fileRef = 611950AB2992265200F9F25E /* AppDelegate.swift */; };
		611950B52992265500F9F25E /* Assets.xcassets in Resources */ = {isa = PBXBuildFile; fileRef = 611950B42992265500F9F25E /* Assets.xcassets */; };
		611950B82992265500F9F25E /* LaunchScreen.storyboard in Resources */ = {isa = PBXBuildFile; fileRef = 611950B62992265500F9F25E /* LaunchScreen.storyboard */; };
		611950C329923B0D00F9F25E /* Coordinator.swift in Sources */ = {isa = PBXBuildFile; fileRef = 611950C229923B0D00F9F25E /* Coordinator.swift */; };
		611950CA2992406600F9F25E /* AuthCoordinator.swift in Sources */ = {isa = PBXBuildFile; fileRef = 611950C92992406600F9F25E /* AuthCoordinator.swift */; };
		611C5174299379E2009CB1A2 /* LocationCoordinator.swift in Sources */ = {isa = PBXBuildFile; fileRef = 611C5173299379E2009CB1A2 /* LocationCoordinator.swift */; };
		611C517829937D3A009CB1A2 /* MenuViewController.swift in Sources */ = {isa = PBXBuildFile; fileRef = 611C517729937D3A009CB1A2 /* MenuViewController.swift */; };
		611C517B29937D83009CB1A2 /* MenuCoordinator.swift in Sources */ = {isa = PBXBuildFile; fileRef = 611C517A29937D83009CB1A2 /* MenuCoordinator.swift */; };
		611C51832993A707009CB1A2 /* HomeCoordinator.swift in Sources */ = {isa = PBXBuildFile; fileRef = 611C51822993A707009CB1A2 /* HomeCoordinator.swift */; };
		611C51852993A838009CB1A2 /* AppCoordinator.swift in Sources */ = {isa = PBXBuildFile; fileRef = 611C51842993A838009CB1A2 /* AppCoordinator.swift */; };
		61D75E2B2993B9BD006BF5B3 /* LocationViewController.swift in Sources */ = {isa = PBXBuildFile; fileRef = 61D75E2A2993B9BD006BF5B3 /* LocationViewController.swift */; };
		61D75E2D2993C076006BF5B3 /* HomeViewController.swift in Sources */ = {isa = PBXBuildFile; fileRef = 61D75E2C2993C076006BF5B3 /* HomeViewController.swift */; };
		61D75E2F2993C0C0006BF5B3 /* AuthViewController.swift in Sources */ = {isa = PBXBuildFile; fileRef = 61D75E2E2993C0C0006BF5B3 /* AuthViewController.swift */; };
		61D75E332993C0E4006BF5B3 /* InfoCoordinator.swift in Sources */ = {isa = PBXBuildFile; fileRef = 61D75E322993C0E4006BF5B3 /* InfoCoordinator.swift */; };
		61D75E352993C10F006BF5B3 /* InfoViewController.swift in Sources */ = {isa = PBXBuildFile; fileRef = 61D75E342993C10F006BF5B3 /* InfoViewController.swift */; };
/* End PBXBuildFile section */

/* Begin PBXFileReference section */
		611950A82992265200F9F25E /* PepeCoffee.app */ = {isa = PBXFileReference; explicitFileType = wrapper.application; includeInIndex = 0; path = PepeCoffee.app; sourceTree = BUILT_PRODUCTS_DIR; };
		611950AB2992265200F9F25E /* AppDelegate.swift */ = {isa = PBXFileReference; lastKnownFileType = sourcecode.swift; path = AppDelegate.swift; sourceTree = "<group>"; };
		611950B42992265500F9F25E /* Assets.xcassets */ = {isa = PBXFileReference; lastKnownFileType = folder.assetcatalog; path = Assets.xcassets; sourceTree = "<group>"; };
		611950B72992265500F9F25E /* Base */ = {isa = PBXFileReference; lastKnownFileType = file.storyboard; name = Base; path = Base.lproj/LaunchScreen.storyboard; sourceTree = "<group>"; };
		611950B92992265500F9F25E /* Info.plist */ = {isa = PBXFileReference; lastKnownFileType = text.plist.xml; path = Info.plist; sourceTree = "<group>"; };
		611950C229923B0D00F9F25E /* Coordinator.swift */ = {isa = PBXFileReference; lastKnownFileType = sourcecode.swift; path = Coordinator.swift; sourceTree = "<group>"; };
		611950C92992406600F9F25E /* AuthCoordinator.swift */ = {isa = PBXFileReference; lastKnownFileType = sourcecode.swift; path = AuthCoordinator.swift; sourceTree = "<group>"; };
		611C5173299379E2009CB1A2 /* LocationCoordinator.swift */ = {isa = PBXFileReference; lastKnownFileType = sourcecode.swift; path = LocationCoordinator.swift; sourceTree = "<group>"; };
		611C517729937D3A009CB1A2 /* MenuViewController.swift */ = {isa = PBXFileReference; lastKnownFileType = sourcecode.swift; path = MenuViewController.swift; sourceTree = "<group>"; };
		611C517A29937D83009CB1A2 /* MenuCoordinator.swift */ = {isa = PBXFileReference; lastKnownFileType = sourcecode.swift; path = MenuCoordinator.swift; sourceTree = "<group>"; };
		611C51822993A707009CB1A2 /* HomeCoordinator.swift */ = {isa = PBXFileReference; lastKnownFileType = sourcecode.swift; path = HomeCoordinator.swift; sourceTree = "<group>"; };
		611C51842993A838009CB1A2 /* AppCoordinator.swift */ = {isa = PBXFileReference; lastKnownFileType = sourcecode.swift; path = AppCoordinator.swift; sourceTree = "<group>"; };
		61D75E2A2993B9BD006BF5B3 /* LocationViewController.swift */ = {isa = PBXFileReference; lastKnownFileType = sourcecode.swift; path = LocationViewController.swift; sourceTree = "<group>"; };
		61D75E2C2993C076006BF5B3 /* HomeViewController.swift */ = {isa = PBXFileReference; lastKnownFileType = sourcecode.swift; path = HomeViewController.swift; sourceTree = "<group>"; };
		61D75E2E2993C0C0006BF5B3 /* AuthViewController.swift */ = {isa = PBXFileReference; lastKnownFileType = sourcecode.swift; path = AuthViewController.swift; sourceTree = "<group>"; };
		61D75E322993C0E4006BF5B3 /* InfoCoordinator.swift */ = {isa = PBXFileReference; lastKnownFileType = sourcecode.swift; path = InfoCoordinator.swift; sourceTree = "<group>"; };
		61D75E342993C10F006BF5B3 /* InfoViewController.swift */ = {isa = PBXFileReference; lastKnownFileType = sourcecode.swift; path = InfoViewController.swift; sourceTree = "<group>"; };
/* End PBXFileReference section */

/* Begin PBXFrameworksBuildPhase section */
		611950A52992265200F9F25E /* Frameworks */ = {
			isa = PBXFrameworksBuildPhase;
			buildActionMask = 2147483647;
			files = (
			);
			runOnlyForDeploymentPostprocessing = 0;
		};
/* End PBXFrameworksBuildPhase section */

/* Begin PBXGroup section */
		6119509F2992265200F9F25E = {
			isa = PBXGroup;
			children = (
				611950AA2992265200F9F25E /* PepeCoffee */,
				611950A92992265200F9F25E /* Products */,
			);
			sourceTree = "<group>";
		};
		611950A92992265200F9F25E /* Products */ = {
			isa = PBXGroup;
			children = (
				611950A82992265200F9F25E /* PepeCoffee.app */,
			);
			name = Products;
			sourceTree = "<group>";
		};
		611950AA2992265200F9F25E /* PepeCoffee */ = {
			isa = PBXGroup;
			children = (
				61D75E372993C7DD006BF5B3 /* Resources */,
				61D75E362993C7C5006BF5B3 /* Sources */,
				611950B92992265500F9F25E /* Info.plist */,
			);
			path = PepeCoffee;
			sourceTree = "<group>";
		};
		611950BF2992375A00F9F25E /* Coordinators */ = {
			isa = PBXGroup;
			children = (
				611C51812993A514009CB1A2 /* AppCoordinator */,
				611C51702993602D009CB1A2 /* Home */,
				611C51712993603A009CB1A2 /* Location */,
				611C517929937D73009CB1A2 /* Menu */,
				611950C82992404100F9F25E /* Authorization */,
				611C517229936045009CB1A2 /* Information */,
			);
			path = Coordinators;
			sourceTree = "<group>";
		};
		611950C82992404100F9F25E /* Authorization */ = {
			isa = PBXGroup;
			children = (
				611950C92992406600F9F25E /* AuthCoordinator.swift */,
			);
			path = Authorization;
			sourceTree = "<group>";
		};
		611950D02992668300F9F25E /* Modules */ = {
			isa = PBXGroup;
			children = (
				611950D1299266A500F9F25E /* Home */,
				611950D3299266E900F9F25E /* Location */,
				611950D82992674900F9F25E /* Menu */,
				611950D52992672900F9F25E /* Authorization */,
				611950DC299267DB00F9F25E /* Information */,
			);
			path = Modules;
			sourceTree = "<group>";
		};
		611950D1299266A500F9F25E /* Home */ = {
			isa = PBXGroup;
			children = (
				61D75E2C2993C076006BF5B3 /* HomeViewController.swift */,
			);
			path = Home;
			sourceTree = "<group>";
		};
		611950D3299266E900F9F25E /* Location */ = {
			isa = PBXGroup;
			children = (
				61D75E2A2993B9BD006BF5B3 /* LocationViewController.swift */,
			);
			path = Location;
			sourceTree = "<group>";
		};
		611950D52992672900F9F25E /* Authorization */ = {
			isa = PBXGroup;
			children = (
				61D75E2E2993C0C0006BF5B3 /* AuthViewController.swift */,
			);
			path = Authorization;
			sourceTree = "<group>";
		};
		611950D82992674900F9F25E /* Menu */ = {
			isa = PBXGroup;
			children = (
				611C517729937D3A009CB1A2 /* MenuViewController.swift */,
			);
			path = Menu;
			sourceTree = "<group>";
		};
		611950DC299267DB00F9F25E /* Information */ = {
			isa = PBXGroup;
			children = (
				61D75E342993C10F006BF5B3 /* InfoViewController.swift */,
			);
			path = Information;
			sourceTree = "<group>";
		};
		611C51702993602D009CB1A2 /* Home */ = {
			isa = PBXGroup;
			children = (
				611C51822993A707009CB1A2 /* HomeCoordinator.swift */,
			);
			path = Home;
			sourceTree = "<group>";
		};
		611C51712993603A009CB1A2 /* Location */ = {
			isa = PBXGroup;
			children = (
				611C5173299379E2009CB1A2 /* LocationCoordinator.swift */,
			);
			path = Location;
			sourceTree = "<group>";
		};
		611C517229936045009CB1A2 /* Information */ = {
			isa = PBXGroup;
			children = (
				61D75E322993C0E4006BF5B3 /* InfoCoordinator.swift */,
			);
			path = Information;
			sourceTree = "<group>";
		};
		611C517929937D73009CB1A2 /* Menu */ = {
			isa = PBXGroup;
			children = (
				611C517A29937D83009CB1A2 /* MenuCoordinator.swift */,
			);
			path = Menu;
			sourceTree = "<group>";
		};
		611C51812993A514009CB1A2 /* AppCoordinator */ = {
			isa = PBXGroup;
			children = (
				611950C229923B0D00F9F25E /* Coordinator.swift */,
				611C51842993A838009CB1A2 /* AppCoordinator.swift */,
			);
			path = AppCoordinator;
			sourceTree = "<group>";
		};
		61D75E362993C7C5006BF5B3 /* Sources */ = {
			isa = PBXGroup;
			children = (
				611950AB2992265200F9F25E /* AppDelegate.swift */,
				611950BF2992375A00F9F25E /* Coordinators */,
				611950D02992668300F9F25E /* Modules */,
			);
			path = Sources;
			sourceTree = "<group>";
		};
		61D75E372993C7DD006BF5B3 /* Resources */ = {
			isa = PBXGroup;
			children = (
				611950B62992265500F9F25E /* LaunchScreen.storyboard */,
				611950B42992265500F9F25E /* Assets.xcassets */,
			);
			path = Resources;
			sourceTree = "<group>";
		};
/* End PBXGroup section */

/* Begin PBXNativeTarget section */
		611950A72992265200F9F25E /* PepeCoffee */ = {
			isa = PBXNativeTarget;
			buildConfigurationList = 611950BC2992265500F9F25E /* Build configuration list for PBXNativeTarget "PepeCoffee" */;
			buildPhases = (
				611950A42992265200F9F25E /* Sources */,
				611950A52992265200F9F25E /* Frameworks */,
				611950A62992265200F9F25E /* Resources */,
			);
			buildRules = (
			);
			dependencies = (
			);
			name = PepeCoffee;
			productName = PepeCoffee;
			productReference = 611950A82992265200F9F25E /* PepeCoffee.app */;
			productType = "com.apple.product-type.application";
		};
/* End PBXNativeTarget section */

/* Begin PBXProject section */
		611950A02992265200F9F25E /* Project object */ = {
			isa = PBXProject;
			attributes = {
				BuildIndependentTargetsInParallel = 1;
				LastSwiftUpdateCheck = 1420;
				LastUpgradeCheck = 1420;
				TargetAttributes = {
					611950A72992265200F9F25E = {
						CreatedOnToolsVersion = 14.2;
					};
				};
			};
			buildConfigurationList = 611950A32992265200F9F25E /* Build configuration list for PBXProject "PepeCoffee" */;
			compatibilityVersion = "Xcode 14.0";
			developmentRegion = en;
			hasScannedForEncodings = 0;
			knownRegions = (
				en,
				Base,
			);
			mainGroup = 6119509F2992265200F9F25E;
			productRefGroup = 611950A92992265200F9F25E /* Products */;
			projectDirPath = "";
			projectRoot = "";
			targets = (
				611950A72992265200F9F25E /* PepeCoffee */,
			);
		};
/* End PBXProject section */

/* Begin PBXResourcesBuildPhase section */
		611950A62992265200F9F25E /* Resources */ = {
			isa = PBXResourcesBuildPhase;
			buildActionMask = 2147483647;
			files = (
				611950B82992265500F9F25E /* LaunchScreen.storyboard in Resources */,
				611950B52992265500F9F25E /* Assets.xcassets in Resources */,
			);
			runOnlyForDeploymentPostprocessing = 0;
		};
/* End PBXResourcesBuildPhase section */

/* Begin PBXSourcesBuildPhase section */
		611950A42992265200F9F25E /* Sources */ = {
			isa = PBXSourcesBuildPhase;
			buildActionMask = 2147483647;
			files = (
				61D75E332993C0E4006BF5B3 /* InfoCoordinator.swift in Sources */,
				61D75E2B2993B9BD006BF5B3 /* LocationViewController.swift in Sources */,
				611C51852993A838009CB1A2 /* AppCoordinator.swift in Sources */,
				611C517B29937D83009CB1A2 /* MenuCoordinator.swift in Sources */,
				611950C329923B0D00F9F25E /* Coordinator.swift in Sources */,
				61D75E2D2993C076006BF5B3 /* HomeViewController.swift in Sources */,
				61D75E352993C10F006BF5B3 /* InfoViewController.swift in Sources */,
				61D75E2F2993C0C0006BF5B3 /* AuthViewController.swift in Sources */,
				611C517829937D3A009CB1A2 /* MenuViewController.swift in Sources */,
				611C51832993A707009CB1A2 /* HomeCoordinator.swift in Sources */,
				611C5174299379E2009CB1A2 /* LocationCoordinator.swift in Sources */,
				611950CA2992406600F9F25E /* AuthCoordinator.swift in Sources */,
				611950AC2992265200F9F25E /* AppDelegate.swift in Sources */,
			);
			runOnlyForDeploymentPostprocessing = 0;
		};
/* End PBXSourcesBuildPhase section */

/* Begin PBXVariantGroup section */
		611950B62992265500F9F25E /* LaunchScreen.storyboard */ = {
			isa = PBXVariantGroup;
			children = (
				611950B72992265500F9F25E /* Base */,
			);
			name = LaunchScreen.storyboard;
			sourceTree = "<group>";
		};
/* End PBXVariantGroup section */

/* Begin XCBuildConfiguration section */
		611950BA2992265500F9F25E /* Debug */ = {
			isa = XCBuildConfiguration;
			buildSettings = {
				ALWAYS_SEARCH_USER_PATHS = NO;
				CLANG_ANALYZER_NONNULL = YES;
				CLANG_ANALYZER_NUMBER_OBJECT_CONVERSION = YES_AGGRESSIVE;
				CLANG_CXX_LANGUAGE_STANDARD = "gnu++20";
				CLANG_ENABLE_MODULES = YES;
				CLANG_ENABLE_OBJC_ARC = YES;
				CLANG_ENABLE_OBJC_WEAK = YES;
				CLANG_WARN_BLOCK_CAPTURE_AUTORELEASING = YES;
				CLANG_WARN_BOOL_CONVERSION = YES;
				CLANG_WARN_COMMA = YES;
				CLANG_WARN_CONSTANT_CONVERSION = YES;
				CLANG_WARN_DEPRECATED_OBJC_IMPLEMENTATIONS = YES;
				CLANG_WARN_DIRECT_OBJC_ISA_USAGE = YES_ERROR;
				CLANG_WARN_DOCUMENTATION_COMMENTS = YES;
				CLANG_WARN_EMPTY_BODY = YES;
				CLANG_WARN_ENUM_CONVERSION = YES;
				CLANG_WARN_INFINITE_RECURSION = YES;
				CLANG_WARN_INT_CONVERSION = YES;
				CLANG_WARN_NON_LITERAL_NULL_CONVERSION = YES;
				CLANG_WARN_OBJC_IMPLICIT_RETAIN_SELF = YES;
				CLANG_WARN_OBJC_LITERAL_CONVERSION = YES;
				CLANG_WARN_OBJC_ROOT_CLASS = YES_ERROR;
				CLANG_WARN_QUOTED_INCLUDE_IN_FRAMEWORK_HEADER = YES;
				CLANG_WARN_RANGE_LOOP_ANALYSIS = YES;
				CLANG_WARN_STRICT_PROTOTYPES = YES;
				CLANG_WARN_SUSPICIOUS_MOVE = YES;
				CLANG_WARN_UNGUARDED_AVAILABILITY = YES_AGGRESSIVE;
				CLANG_WARN_UNREACHABLE_CODE = YES;
				CLANG_WARN__DUPLICATE_METHOD_MATCH = YES;
				COPY_PHASE_STRIP = NO;
				DEBUG_INFORMATION_FORMAT = dwarf;
				ENABLE_STRICT_OBJC_MSGSEND = YES;
				ENABLE_TESTABILITY = YES;
				GCC_C_LANGUAGE_STANDARD = gnu11;
				GCC_DYNAMIC_NO_PIC = NO;
				GCC_NO_COMMON_BLOCKS = YES;
				GCC_OPTIMIZATION_LEVEL = 0;
				GCC_PREPROCESSOR_DEFINITIONS = (
					"DEBUG=1",
					"$(inherited)",
				);
				GCC_WARN_64_TO_32_BIT_CONVERSION = YES;
				GCC_WARN_ABOUT_RETURN_TYPE = YES_ERROR;
				GCC_WARN_UNDECLARED_SELECTOR = YES;
				GCC_WARN_UNINITIALIZED_AUTOS = YES_AGGRESSIVE;
				GCC_WARN_UNUSED_FUNCTION = YES;
				GCC_WARN_UNUSED_VARIABLE = YES;
				IPHONEOS_DEPLOYMENT_TARGET = 16.2;
				MTL_ENABLE_DEBUG_INFO = INCLUDE_SOURCE;
				MTL_FAST_MATH = YES;
				ONLY_ACTIVE_ARCH = YES;
				SDKROOT = iphoneos;
				SWIFT_ACTIVE_COMPILATION_CONDITIONS = DEBUG;
				SWIFT_OPTIMIZATION_LEVEL = "-Onone";
			};
			name = Debug;
		};
		611950BB2992265500F9F25E /* Release */ = {
			isa = XCBuildConfiguration;
			buildSettings = {
				ALWAYS_SEARCH_USER_PATHS = NO;
				CLANG_ANALYZER_NONNULL = YES;
				CLANG_ANALYZER_NUMBER_OBJECT_CONVERSION = YES_AGGRESSIVE;
				CLANG_CXX_LANGUAGE_STANDARD = "gnu++20";
				CLANG_ENABLE_MODULES = YES;
				CLANG_ENABLE_OBJC_ARC = YES;
				CLANG_ENABLE_OBJC_WEAK = YES;
				CLANG_WARN_BLOCK_CAPTURE_AUTORELEASING = YES;
				CLANG_WARN_BOOL_CONVERSION = YES;
				CLANG_WARN_COMMA = YES;
				CLANG_WARN_CONSTANT_CONVERSION = YES;
				CLANG_WARN_DEPRECATED_OBJC_IMPLEMENTATIONS = YES;
				CLANG_WARN_DIRECT_OBJC_ISA_USAGE = YES_ERROR;
				CLANG_WARN_DOCUMENTATION_COMMENTS = YES;
				CLANG_WARN_EMPTY_BODY = YES;
				CLANG_WARN_ENUM_CONVERSION = YES;
				CLANG_WARN_INFINITE_RECURSION = YES;
				CLANG_WARN_INT_CONVERSION = YES;
				CLANG_WARN_NON_LITERAL_NULL_CONVERSION = YES;
				CLANG_WARN_OBJC_IMPLICIT_RETAIN_SELF = YES;
				CLANG_WARN_OBJC_LITERAL_CONVERSION = YES;
				CLANG_WARN_OBJC_ROOT_CLASS = YES_ERROR;
				CLANG_WARN_QUOTED_INCLUDE_IN_FRAMEWORK_HEADER = YES;
				CLANG_WARN_RANGE_LOOP_ANALYSIS = YES;
				CLANG_WARN_STRICT_PROTOTYPES = YES;
				CLANG_WARN_SUSPICIOUS_MOVE = YES;
				CLANG_WARN_UNGUARDED_AVAILABILITY = YES_AGGRESSIVE;
				CLANG_WARN_UNREACHABLE_CODE = YES;
				CLANG_WARN__DUPLICATE_METHOD_MATCH = YES;
				COPY_PHASE_STRIP = NO;
				DEBUG_INFORMATION_FORMAT = "dwarf-with-dsym";
				ENABLE_NS_ASSERTIONS = NO;
				ENABLE_STRICT_OBJC_MSGSEND = YES;
				GCC_C_LANGUAGE_STANDARD = gnu11;
				GCC_NO_COMMON_BLOCKS = YES;
				GCC_WARN_64_TO_32_BIT_CONVERSION = YES;
				GCC_WARN_ABOUT_RETURN_TYPE = YES_ERROR;
				GCC_WARN_UNDECLARED_SELECTOR = YES;
				GCC_WARN_UNINITIALIZED_AUTOS = YES_AGGRESSIVE;
				GCC_WARN_UNUSED_FUNCTION = YES;
				GCC_WARN_UNUSED_VARIABLE = YES;
				IPHONEOS_DEPLOYMENT_TARGET = 16.2;
				MTL_ENABLE_DEBUG_INFO = NO;
				MTL_FAST_MATH = YES;
				SDKROOT = iphoneos;
				SWIFT_COMPILATION_MODE = wholemodule;
				SWIFT_OPTIMIZATION_LEVEL = "-O";
				VALIDATE_PRODUCT = YES;
			};
			name = Release;
		};
		611950BD2992265500F9F25E /* Debug */ = {
			isa = XCBuildConfiguration;
			buildSettings = {
				ASSETCATALOG_COMPILER_APPICON_NAME = AppIcon;
				ASSETCATALOG_COMPILER_GLOBAL_ACCENT_COLOR_NAME = AccentColor;
				CODE_SIGN_STYLE = Automatic;
				CURRENT_PROJECT_VERSION = 1;
				DEVELOPMENT_TEAM = G6DB52K4K2;
				GENERATE_INFOPLIST_FILE = YES;
				INFOPLIST_FILE = PepeCoffee/Info.plist;
				INFOPLIST_KEY_UIApplicationSupportsIndirectInputEvents = YES;
				INFOPLIST_KEY_UILaunchStoryboardName = LaunchScreen;
				INFOPLIST_KEY_UIStatusBarStyle = "";
				INFOPLIST_KEY_UISupportedInterfaceOrientations_iPad = "UIInterfaceOrientationPortrait UIInterfaceOrientationPortraitUpsideDown UIInterfaceOrientationLandscapeLeft UIInterfaceOrientationLandscapeRight";
				INFOPLIST_KEY_UISupportedInterfaceOrientations_iPhone = "UIInterfaceOrientationPortrait UIInterfaceOrientationLandscapeLeft UIInterfaceOrientationLandscapeRight";
				IPHONEOS_DEPLOYMENT_TARGET = 14.0;
				LD_RUNPATH_SEARCH_PATHS = (
					"$(inherited)",
					"@executable_path/Frameworks",
				);
				MARKETING_VERSION = 1.0;
				PRODUCT_BUNDLE_IDENTIFIER = com.kseniyaturovskaya.PepeCoffee;
				PRODUCT_NAME = "$(TARGET_NAME)";
				SWIFT_EMIT_LOC_STRINGS = YES;
				SWIFT_VERSION = 5.0;
				TARGETED_DEVICE_FAMILY = "1,2";
			};
			name = Debug;
		};
		611950BE2992265500F9F25E /* Release */ = {
			isa = XCBuildConfiguration;
			buildSettings = {
				ASSETCATALOG_COMPILER_APPICON_NAME = AppIcon;
				ASSETCATALOG_COMPILER_GLOBAL_ACCENT_COLOR_NAME = AccentColor;
				CODE_SIGN_STYLE = Automatic;
				CURRENT_PROJECT_VERSION = 1;
				DEVELOPMENT_TEAM = G6DB52K4K2;
				GENERATE_INFOPLIST_FILE = YES;
				INFOPLIST_FILE = PepeCoffee/Info.plist;
				INFOPLIST_KEY_UIApplicationSupportsIndirectInputEvents = YES;
				INFOPLIST_KEY_UILaunchStoryboardName = LaunchScreen;
				INFOPLIST_KEY_UIStatusBarStyle = "";
				INFOPLIST_KEY_UISupportedInterfaceOrientations_iPad = "UIInterfaceOrientationPortrait UIInterfaceOrientationPortraitUpsideDown UIInterfaceOrientationLandscapeLeft UIInterfaceOrientationLandscapeRight";
				INFOPLIST_KEY_UISupportedInterfaceOrientations_iPhone = "UIInterfaceOrientationPortrait UIInterfaceOrientationLandscapeLeft UIInterfaceOrientationLandscapeRight";
				IPHONEOS_DEPLOYMENT_TARGET = 14.0;
				LD_RUNPATH_SEARCH_PATHS = (
					"$(inherited)",
					"@executable_path/Frameworks",
				);
				MARKETING_VERSION = 1.0;
				PRODUCT_BUNDLE_IDENTIFIER = com.kseniyaturovskaya.PepeCoffee;
				PRODUCT_NAME = "$(TARGET_NAME)";
				SWIFT_EMIT_LOC_STRINGS = YES;
				SWIFT_VERSION = 5.0;
				TARGETED_DEVICE_FAMILY = "1,2";
			};
			name = Release;
		};
/* End XCBuildConfiguration section */

/* Begin XCConfigurationList section */
		611950A32992265200F9F25E /* Build configuration list for PBXProject "PepeCoffee" */ = {
			isa = XCConfigurationList;
			buildConfigurations = (
				611950BA2992265500F9F25E /* Debug */,
				611950BB2992265500F9F25E /* Release */,
			);
			defaultConfigurationIsVisible = 0;
			defaultConfigurationName = Release;
		};
		611950BC2992265500F9F25E /* Build configuration list for PBXNativeTarget "PepeCoffee" */ = {
			isa = XCConfigurationList;
			buildConfigurations = (
				611950BD2992265500F9F25E /* Debug */,
				611950BE2992265500F9F25E /* Release */,
			);
			defaultConfigurationIsVisible = 0;
			defaultConfigurationName = Release;
		};
/* End XCConfigurationList section */
	};
	rootObject = 611950A02992265200F9F25E /* Project object */;
}
